// !$*UTF8*$!
{
	archiveVersion = 1;
	classes = {
	};
	objectVersion = 50;
	objects = {

/* Begin PBXBuildFile section */
		68FD2111256607C300F5C989 /* AppDelegate.swift in Sources */ = {isa = PBXBuildFile; fileRef = 68FD2110256607C300F5C989 /* AppDelegate.swift */; };
		68FD2113256607C300F5C989 /* SceneDelegate.swift in Sources */ = {isa = PBXBuildFile; fileRef = 68FD2112256607C300F5C989 /* SceneDelegate.swift */; };
		68FD2118256607C300F5C989 /* Main.storyboard in Resources */ = {isa = PBXBuildFile; fileRef = 68FD2116256607C300F5C989 /* Main.storyboard */; };
		68FD211A256607C800F5C989 /* Assets.xcassets in Resources */ = {isa = PBXBuildFile; fileRef = 68FD2119256607C800F5C989 /* Assets.xcassets */; };
		68FD211D256607C800F5C989 /* LaunchScreen.storyboard in Resources */ = {isa = PBXBuildFile; fileRef = 68FD211B256607C800F5C989 /* LaunchScreen.storyboard */; };
		68FD212C256608DA00F5C989 /* Weather.swift in Sources */ = {isa = PBXBuildFile; fileRef = 68FD212B256608DA00F5C989 /* Weather.swift */; };
		68FD2131256611C900F5C989 /* WeatherController.swift in Sources */ = {isa = PBXBuildFile; fileRef = 68FD2130256611C900F5C989 /* WeatherController.swift */; };
		68FD2134256611E100F5C989 /* WeatherListTableViewController.swift in Sources */ = {isa = PBXBuildFile; fileRef = 68FD2133256611E100F5C989 /* WeatherListTableViewController.swift */; };
		68FD2137256611FE00F5C989 /* WeatherDetailViewController.swift in Sources */ = {isa = PBXBuildFile; fileRef = 68FD2136256611FE00F5C989 /* WeatherDetailViewController.swift */; };
		68FD213A2566122700F5C989 /* WeatherError.swift in Sources */ = {isa = PBXBuildFile; fileRef = 68FD21392566122700F5C989 /* WeatherError.swift */; };
/* End PBXBuildFile section */

/* Begin PBXFileReference section */
		68FD210D256607C300F5C989 /* Weather.app */ = {isa = PBXFileReference; explicitFileType = wrapper.application; includeInIndex = 0; path = Weather.app; sourceTree = BUILT_PRODUCTS_DIR; };
		68FD2110256607C300F5C989 /* AppDelegate.swift */ = {isa = PBXFileReference; lastKnownFileType = sourcecode.swift; path = AppDelegate.swift; sourceTree = "<group>"; };
		68FD2112256607C300F5C989 /* SceneDelegate.swift */ = {isa = PBXFileReference; lastKnownFileType = sourcecode.swift; path = SceneDelegate.swift; sourceTree = "<group>"; };
		68FD2117256607C300F5C989 /* Base */ = {isa = PBXFileReference; lastKnownFileType = file.storyboard; name = Base; path = Base.lproj/Main.storyboard; sourceTree = "<group>"; };
		68FD2119256607C800F5C989 /* Assets.xcassets */ = {isa = PBXFileReference; lastKnownFileType = folder.assetcatalog; path = Assets.xcassets; sourceTree = "<group>"; };
		68FD211C256607C800F5C989 /* Base */ = {isa = PBXFileReference; lastKnownFileType = file.storyboard; name = Base; path = Base.lproj/LaunchScreen.storyboard; sourceTree = "<group>"; };
		68FD211E256607C800F5C989 /* Info.plist */ = {isa = PBXFileReference; lastKnownFileType = text.plist.xml; path = Info.plist; sourceTree = "<group>"; };
		68FD212B256608DA00F5C989 /* Weather.swift */ = {isa = PBXFileReference; lastKnownFileType = sourcecode.swift; path = Weather.swift; sourceTree = "<group>"; };
		68FD2130256611C900F5C989 /* WeatherController.swift */ = {isa = PBXFileReference; lastKnownFileType = sourcecode.swift; path = WeatherController.swift; sourceTree = "<group>"; };
		68FD2133256611E100F5C989 /* WeatherListTableViewController.swift */ = {isa = PBXFileReference; lastKnownFileType = sourcecode.swift; path = WeatherListTableViewController.swift; sourceTree = "<group>"; };
		68FD2136256611FE00F5C989 /* WeatherDetailViewController.swift */ = {isa = PBXFileReference; lastKnownFileType = sourcecode.swift; path = WeatherDetailViewController.swift; sourceTree = "<group>"; };
		68FD21392566122700F5C989 /* WeatherError.swift */ = {isa = PBXFileReference; lastKnownFileType = sourcecode.swift; path = WeatherError.swift; sourceTree = "<group>"; };
/* End PBXFileReference section */

/* Begin PBXFrameworksBuildPhase section */
		68FD210A256607C300F5C989 /* Frameworks */ = {
			isa = PBXFrameworksBuildPhase;
			buildActionMask = 2147483647;
			files = (
			);
			runOnlyForDeploymentPostprocessing = 0;
		};
/* End PBXFrameworksBuildPhase section */

/* Begin PBXGroup section */
		68FD2104256607C300F5C989 = {
			isa = PBXGroup;
			children = (
				68FD210F256607C300F5C989 /* Weather */,
				68FD210E256607C300F5C989 /* Products */,
			);
			sourceTree = "<group>";
		};
		68FD210E256607C300F5C989 /* Products */ = {
			isa = PBXGroup;
			children = (
				68FD210D256607C300F5C989 /* Weather.app */,
			);
			name = Products;
			sourceTree = "<group>";
		};
		68FD210F256607C300F5C989 /* Weather */ = {
			isa = PBXGroup;
			children = (
				68FD21252566080C00F5C989 /* Resources */,
				68FD212A2566088D00F5C989 /* Model */,
				68FD21272566081D00F5C989 /* ModelController */,
				68FD21282566083000F5C989 /* ViewController */,
				68FD21262566081700F5C989 /* Views */,
				68FD211B256607C800F5C989 /* LaunchScreen.storyboard */,
			);
			path = Weather;
			sourceTree = "<group>";
		};
		68FD21252566080C00F5C989 /* Resources */ = {
			isa = PBXGroup;
			children = (
				68FD2110256607C300F5C989 /* AppDelegate.swift */,
				68FD2112256607C300F5C989 /* SceneDelegate.swift */,
				68FD2119256607C800F5C989 /* Assets.xcassets */,
				68FD211E256607C800F5C989 /* Info.plist */,
			);
			path = Resources;
			sourceTree = "<group>";
		};
		68FD21262566081700F5C989 /* Views */ = {
			isa = PBXGroup;
			children = (
				68FD2116256607C300F5C989 /* Main.storyboard */,
			);
			path = Views;
			sourceTree = "<group>";
		};
		68FD21272566081D00F5C989 /* ModelController */ = {
			isa = PBXGroup;
			children = (
				68FD2130256611C900F5C989 /* WeatherController.swift */,
				68FD21392566122700F5C989 /* WeatherError.swift */,
			);
			path = ModelController;
			sourceTree = "<group>";
		};
		68FD21282566083000F5C989 /* ViewController */ = {
			isa = PBXGroup;
			children = (
				68FD2133256611E100F5C989 /* WeatherListTableViewController.swift */,
				68FD2136256611FE00F5C989 /* WeatherDetailViewController.swift */,
			);
			path = ViewController;
			sourceTree = "<group>";
		};
		68FD212A2566088D00F5C989 /* Model */ = {
			isa = PBXGroup;
			children = (
				68FD212B256608DA00F5C989 /* Weather.swift */,
			);
			path = Model;
			sourceTree = "<group>";
		};
/* End PBXGroup section */

/* Begin PBXNativeTarget section */
		68FD210C256607C300F5C989 /* Weather */ = {
			isa = PBXNativeTarget;
			buildConfigurationList = 68FD2121256607C800F5C989 /* Build configuration list for PBXNativeTarget "Weather" */;
			buildPhases = (
				68FD2109256607C300F5C989 /* Sources */,
				68FD210A256607C300F5C989 /* Frameworks */,
				68FD210B256607C300F5C989 /* Resources */,
			);
			buildRules = (
			);
			dependencies = (
			);
			name = Weather;
			productName = Weather;
			productReference = 68FD210D256607C300F5C989 /* Weather.app */;
			productType = "com.apple.product-type.application";
		};
/* End PBXNativeTarget section */

/* Begin PBXProject section */
		68FD2105256607C300F5C989 /* Project object */ = {
			isa = PBXProject;
			attributes = {
				LastSwiftUpdateCheck = 1210;
				LastUpgradeCheck = 1210;
				TargetAttributes = {
					68FD210C256607C300F5C989 = {
						CreatedOnToolsVersion = 12.1;
					};
				};
			};
			buildConfigurationList = 68FD2108256607C300F5C989 /* Build configuration list for PBXProject "Weather" */;
			compatibilityVersion = "Xcode 9.3";
			developmentRegion = en;
			hasScannedForEncodings = 0;
			knownRegions = (
				en,
				Base,
			);
			mainGroup = 68FD2104256607C300F5C989;
			productRefGroup = 68FD210E256607C300F5C989 /* Products */;
			projectDirPath = "";
			projectRoot = "";
			targets = (
				68FD210C256607C300F5C989 /* Weather */,
			);
		};
/* End PBXProject section */

/* Begin PBXResourcesBuildPhase section */
		68FD210B256607C300F5C989 /* Resources */ = {
			isa = PBXResourcesBuildPhase;
			buildActionMask = 2147483647;
			files = (
				68FD211D256607C800F5C989 /* LaunchScreen.storyboard in Resources */,
				68FD211A256607C800F5C989 /* Assets.xcassets in Resources */,
				68FD2118256607C300F5C989 /* Main.storyboard in Resources */,
			);
			runOnlyForDeploymentPostprocessing = 0;
		};
/* End PBXResourcesBuildPhase section */

/* Begin PBXSourcesBuildPhase section */
		68FD2109256607C300F5C989 /* Sources */ = {
			isa = PBXSourcesBuildPhase;
			buildActionMask = 2147483647;
			files = (
				68FD2137256611FE00F5C989 /* WeatherDetailViewController.swift in Sources */,
				68FD2111256607C300F5C989 /* AppDelegate.swift in Sources */,
				68FD212C256608DA00F5C989 /* Weather.swift in Sources */,
				68FD2131256611C900F5C989 /* WeatherController.swift in Sources */,
				68FD2134256611E100F5C989 /* WeatherListTableViewController.swift in Sources */,
				68FD2113256607C300F5C989 /* SceneDelegate.swift in Sources */,
				68FD213A2566122700F5C989 /* WeatherError.swift in Sources */,
			);
			runOnlyForDeploymentPostprocessing = 0;
		};
/* End PBXSourcesBuildPhase section */

/* Begin PBXVariantGroup section */
		68FD2116256607C300F5C989 /* Main.storyboard */ = {
			isa = PBXVariantGroup;
			children = (
				68FD2117256607C300F5C989 /* Base */,
			);
			name = Main.storyboard;
			sourceTree = "<group>";
		};
		68FD211B256607C800F5C989 /* LaunchScreen.storyboard */ = {
			isa = PBXVariantGroup;
			children = (
				68FD211C256607C800F5C989 /* Base */,
			);
			name = LaunchScreen.storyboard;
			sourceTree = "<group>";
		};
/* End PBXVariantGroup section */

/* Begin XCBuildConfiguration section */
		68FD211F256607C800F5C989 /* Debug */ = {
			isa = XCBuildConfiguration;
			buildSettings = {
				ALWAYS_SEARCH_USER_PATHS = NO;
				CLANG_ANALYZER_NONNULL = YES;
				CLANG_ANALYZER_NUMBER_OBJECT_CONVERSION = YES_AGGRESSIVE;
				CLANG_CXX_LANGUAGE_STANDARD = "gnu++14";
				CLANG_CXX_LIBRARY = "libc++";
				CLANG_ENABLE_MODULES = YES;
				CLANG_ENABLE_OBJC_ARC = YES;
				CLANG_ENABLE_OBJC_WEAK = YES;
				CLANG_WARN_BLOCK_CAPTURE_AUTORELEASING = YES;
				CLANG_WARN_BOOL_CONVERSION = YES;
				CLANG_WARN_COMMA = YES;
				CLANG_WARN_CONSTANT_CONVERSION = YES;
				CLANG_WARN_DEPRECATED_OBJC_IMPLEMENTATIONS = YES;
				CLANG_WARN_DIRECT_OBJC_ISA_USAGE = YES_ERROR;
				CLANG_WARN_DOCUMENTATION_COMMENTS = YES;
				CLANG_WARN_EMPTY_BODY = YES;
				CLANG_WARN_ENUM_CONVERSION = YES;
				CLANG_WARN_INFINITE_RECURSION = YES;
				CLANG_WARN_INT_CONVERSION = YES;
				CLANG_WARN_NON_LITERAL_NULL_CONVERSION = YES;
				CLANG_WARN_OBJC_IMPLICIT_RETAIN_SELF = YES;
				CLANG_WARN_OBJC_LITERAL_CONVERSION = YES;
				CLANG_WARN_OBJC_ROOT_CLASS = YES_ERROR;
				CLANG_WARN_QUOTED_INCLUDE_IN_FRAMEWORK_HEADER = YES;
				CLANG_WARN_RANGE_LOOP_ANALYSIS = YES;
				CLANG_WARN_STRICT_PROTOTYPES = YES;
				CLANG_WARN_SUSPICIOUS_MOVE = YES;
				CLANG_WARN_UNGUARDED_AVAILABILITY = YES_AGGRESSIVE;
				CLANG_WARN_UNREACHABLE_CODE = YES;
				CLANG_WARN__DUPLICATE_METHOD_MATCH = YES;
				COPY_PHASE_STRIP = NO;
				DEBUG_INFORMATION_FORMAT = dwarf;
				ENABLE_STRICT_OBJC_MSGSEND = YES;
				ENABLE_TESTABILITY = YES;
				GCC_C_LANGUAGE_STANDARD = gnu11;
				GCC_DYNAMIC_NO_PIC = NO;
				GCC_NO_COMMON_BLOCKS = YES;
				GCC_OPTIMIZATION_LEVEL = 0;
				GCC_PREPROCESSOR_DEFINITIONS = (
					"DEBUG=1",
					"$(inherited)",
				);
				GCC_WARN_64_TO_32_BIT_CONVERSION = YES;
				GCC_WARN_ABOUT_RETURN_TYPE = YES_ERROR;
				GCC_WARN_UNDECLARED_SELECTOR = YES;
				GCC_WARN_UNINITIALIZED_AUTOS = YES_AGGRESSIVE;
				GCC_WARN_UNUSED_FUNCTION = YES;
				GCC_WARN_UNUSED_VARIABLE = YES;
				IPHONEOS_DEPLOYMENT_TARGET = 14.1;
				MTL_ENABLE_DEBUG_INFO = INCLUDE_SOURCE;
				MTL_FAST_MATH = YES;
				ONLY_ACTIVE_ARCH = YES;
				SDKROOT = iphoneos;
				SWIFT_ACTIVE_COMPILATION_CONDITIONS = DEBUG;
				SWIFT_OPTIMIZATION_LEVEL = "-Onone";
			};
			name = Debug;
		};
		68FD2120256607C800F5C989 /* Release */ = {
			isa = XCBuildConfiguration;
			buildSettings = {
				ALWAYS_SEARCH_USER_PATHS = NO;
				CLANG_ANALYZER_NONNULL = YES;
				CLANG_ANALYZER_NUMBER_OBJECT_CONVERSION = YES_AGGRESSIVE;
				CLANG_CXX_LANGUAGE_STANDARD = "gnu++14";
				CLANG_CXX_LIBRARY = "libc++";
				CLANG_ENABLE_MODULES = YES;
				CLANG_ENABLE_OBJC_ARC = YES;
				CLANG_ENABLE_OBJC_WEAK = YES;
				CLANG_WARN_BLOCK_CAPTURE_AUTORELEASING = YES;
				CLANG_WARN_BOOL_CONVERSION = YES;
				CLANG_WARN_COMMA = YES;
				CLANG_WARN_CONSTANT_CONVERSION = YES;
				CLANG_WARN_DEPRECATED_OBJC_IMPLEMENTATIONS = YES;
				CLANG_WARN_DIRECT_OBJC_ISA_USAGE = YES_ERROR;
				CLANG_WARN_DOCUMENTATION_COMMENTS = YES;
				CLANG_WARN_EMPTY_BODY = YES;
				CLANG_WARN_ENUM_CONVERSION = YES;
				CLANG_WARN_INFINITE_RECURSION = YES;
				CLANG_WARN_INT_CONVERSION = YES;
				CLANG_WARN_NON_LITERAL_NULL_CONVERSION = YES;
				CLANG_WARN_OBJC_IMPLICIT_RETAIN_SELF = YES;
				CLANG_WARN_OBJC_LITERAL_CONVERSION = YES;
				CLANG_WARN_OBJC_ROOT_CLASS = YES_ERROR;
				CLANG_WARN_QUOTED_INCLUDE_IN_FRAMEWORK_HEADER = YES;
				CLANG_WARN_RANGE_LOOP_ANALYSIS = YES;
				CLANG_WARN_STRICT_PROTOTYPES = YES;
				CLANG_WARN_SUSPICIOUS_MOVE = YES;
				CLANG_WARN_UNGUARDED_AVAILABILITY = YES_AGGRESSIVE;
				CLANG_WARN_UNREACHABLE_CODE = YES;
				CLANG_WARN__DUPLICATE_METHOD_MATCH = YES;
				COPY_PHASE_STRIP = NO;
				DEBUG_INFORMATION_FORMAT = "dwarf-with-dsym";
				ENABLE_NS_ASSERTIONS = NO;
				ENABLE_STRICT_OBJC_MSGSEND = YES;
				GCC_C_LANGUAGE_STANDARD = gnu11;
				GCC_NO_COMMON_BLOCKS = YES;
				GCC_WARN_64_TO_32_BIT_CONVERSION = YES;
				GCC_WARN_ABOUT_RETURN_TYPE = YES_ERROR;
				GCC_WARN_UNDECLARED_SELECTOR = YES;
				GCC_WARN_UNINITIALIZED_AUTOS = YES_AGGRESSIVE;
				GCC_WARN_UNUSED_FUNCTION = YES;
				GCC_WARN_UNUSED_VARIABLE = YES;
				IPHONEOS_DEPLOYMENT_TARGET = 14.1;
				MTL_ENABLE_DEBUG_INFO = NO;
				MTL_FAST_MATH = YES;
				SDKROOT = iphoneos;
				SWIFT_COMPILATION_MODE = wholemodule;
				SWIFT_OPTIMIZATION_LEVEL = "-O";
				VALIDATE_PRODUCT = YES;
			};
			name = Release;
		};
		68FD2122256607C800F5C989 /* Debug */ = {
			isa = XCBuildConfiguration;
			buildSettings = {
				ASSETCATALOG_COMPILER_APPICON_NAME = AppIcon;
				ASSETCATALOG_COMPILER_GLOBAL_ACCENT_COLOR_NAME = AccentColor;
				CODE_SIGN_STYLE = Automatic;
				INFOPLIST_FILE = Weather/Resources/Info.plist;
				LD_RUNPATH_SEARCH_PATHS = (
					"$(inherited)",
					"@executable_path/Frameworks",
				);
				PRODUCT_BUNDLE_IDENTIFIER = heli.bavishi.Weather;
				PRODUCT_NAME = "$(TARGET_NAME)";
				SWIFT_VERSION = 5.0;
				TARGETED_DEVICE_FAMILY = "1,2";
			};
			name = Debug;
		};
		68FD2123256607C800F5C989 /* Release */ = {
			isa = XCBuildConfiguration;
			buildSettings = {
				ASSETCATALOG_COMPILER_APPICON_NAME = AppIcon;
				ASSETCATALOG_COMPILER_GLOBAL_ACCENT_COLOR_NAME = AccentColor;
				CODE_SIGN_STYLE = Automatic;
				INFOPLIST_FILE = Weather/Resources/Info.plist;
				LD_RUNPATH_SEARCH_PATHS = (
					"$(inherited)",
					"@executable_path/Frameworks",
				);
				PRODUCT_BUNDLE_IDENTIFIER = heli.bavishi.Weather;
				PRODUCT_NAME = "$(TARGET_NAME)";
				SWIFT_VERSION = 5.0;
				TARGETED_DEVICE_FAMILY = "1,2";
			};
			name = Release;
		};
/* End XCBuildConfiguration section */

/* Begin XCConfigurationList section */
		68FD2108256607C300F5C989 /* Build configuration list for PBXProject "Weather" */ = {
			isa = XCConfigurationList;
			buildConfigurations = (
				68FD211F256607C800F5C989 /* Debug */,
				68FD2120256607C800F5C989 /* Release */,
			);
			defaultConfigurationIsVisible = 0;
			defaultConfigurationName = Release;
		};
		68FD2121256607C800F5C989 /* Build configuration list for PBXNativeTarget "Weather" */ = {
			isa = XCConfigurationList;
			buildConfigurations = (
				68FD2122256607C800F5C989 /* Debug */,
				68FD2123256607C800F5C989 /* Release */,
			);
			defaultConfigurationIsVisible = 0;
			defaultConfigurationName = Release;
		};
/* End XCConfigurationList section */
	};
	rootObject = 68FD2105256607C300F5C989 /* Project object */;
}
